// !$*UTF8*$!
{
	archiveVersion = 1;
	classes = {
	};
	objectVersion = 55;
	objects = {

/* Begin PBXBuildFile section */
		FB0B5543275A0650001D192D /* ComposableArchitectureApp.swift in Sources */ = {isa = PBXBuildFile; fileRef = FB0B5542275A0650001D192D /* ComposableArchitectureApp.swift */; };
		FB0B5545275A0650001D192D /* ContentView.swift in Sources */ = {isa = PBXBuildFile; fileRef = FB0B5544275A0650001D192D /* ContentView.swift */; };
		FB0B5547275A0651001D192D /* Assets.xcassets in Resources */ = {isa = PBXBuildFile; fileRef = FB0B5546275A0651001D192D /* Assets.xcassets */; };
		FB0B554A275A0651001D192D /* Preview Assets.xcassets in Resources */ = {isa = PBXBuildFile; fileRef = FB0B5549275A0651001D192D /* Preview Assets.xcassets */; };
		FB0B5554275A0651001D192D /* ComposableArchitectureTests.swift in Sources */ = {isa = PBXBuildFile; fileRef = FB0B5553275A0651001D192D /* ComposableArchitectureTests.swift */; };
		FB0B555E275A0651001D192D /* ComposableArchitectureUITests.swift in Sources */ = {isa = PBXBuildFile; fileRef = FB0B555D275A0651001D192D /* ComposableArchitectureUITests.swift */; };
		FB0B5560275A0651001D192D /* ComposableArchitectureUITestsLaunchTests.swift in Sources */ = {isa = PBXBuildFile; fileRef = FB0B555F275A0651001D192D /* ComposableArchitectureUITestsLaunchTests.swift */; };
		FB0B556E275A0B10001D192D /* CounterView.swift in Sources */ = {isa = PBXBuildFile; fileRef = FB0B556D275A0B10001D192D /* CounterView.swift */; };
		FB0B5571275A0E57001D192D /* Formatter.swift in Sources */ = {isa = PBXBuildFile; fileRef = FB0B5570275A0E57001D192D /* Formatter.swift */; };
		FB0B5574275A103E001D192D /* AppState.swift in Sources */ = {isa = PBXBuildFile; fileRef = FB0B5573275A103E001D192D /* AppState.swift */; };
		FB98936A275B4FE200AE209B /* WolframAlphaResult.swift in Sources */ = {isa = PBXBuildFile; fileRef = FB989369275B4FE200AE209B /* WolframAlphaResult.swift */; };
		FB98936C275B505100AE209B /* IsPrimeModalView.swift in Sources */ = {isa = PBXBuildFile; fileRef = FB98936B275B505100AE209B /* IsPrimeModalView.swift */; };
		FB98936E275B50D000AE209B /* FavoritePrimesView.swift in Sources */ = {isa = PBXBuildFile; fileRef = FB98936D275B50D000AE209B /* FavoritePrimesView.swift */; };
		FB989370275B571600AE209B /* User.swift in Sources */ = {isa = PBXBuildFile; fileRef = FB98936F275B571600AE209B /* User.swift */; };
		FB989373275B5D3300AE209B /* AppAction.swift in Sources */ = {isa = PBXBuildFile; fileRef = FB989372275B5D3300AE209B /* AppAction.swift */; };
/* End PBXBuildFile section */

/* Begin PBXContainerItemProxy section */
		FB0B5550275A0651001D192D /* PBXContainerItemProxy */ = {
			isa = PBXContainerItemProxy;
			containerPortal = FB0B5537275A0650001D192D /* Project object */;
			proxyType = 1;
			remoteGlobalIDString = FB0B553E275A0650001D192D;
			remoteInfo = ComposableArchitecture;
		};
		FB0B555A275A0651001D192D /* PBXContainerItemProxy */ = {
			isa = PBXContainerItemProxy;
			containerPortal = FB0B5537275A0650001D192D /* Project object */;
			proxyType = 1;
			remoteGlobalIDString = FB0B553E275A0650001D192D;
			remoteInfo = ComposableArchitecture;
		};
/* End PBXContainerItemProxy section */

/* Begin PBXFileReference section */
		FB0B553F275A0650001D192D /* ComposableArchitecture.app */ = {isa = PBXFileReference; explicitFileType = wrapper.application; includeInIndex = 0; path = ComposableArchitecture.app; sourceTree = BUILT_PRODUCTS_DIR; };
		FB0B5542275A0650001D192D /* ComposableArchitectureApp.swift */ = {isa = PBXFileReference; lastKnownFileType = sourcecode.swift; path = ComposableArchitectureApp.swift; sourceTree = "<group>"; };
		FB0B5544275A0650001D192D /* ContentView.swift */ = {isa = PBXFileReference; lastKnownFileType = sourcecode.swift; path = ContentView.swift; sourceTree = "<group>"; };
		FB0B5546275A0651001D192D /* Assets.xcassets */ = {isa = PBXFileReference; lastKnownFileType = folder.assetcatalog; path = Assets.xcassets; sourceTree = "<group>"; };
		FB0B5549275A0651001D192D /* Preview Assets.xcassets */ = {isa = PBXFileReference; lastKnownFileType = folder.assetcatalog; path = "Preview Assets.xcassets"; sourceTree = "<group>"; };
		FB0B554F275A0651001D192D /* ComposableArchitectureTests.xctest */ = {isa = PBXFileReference; explicitFileType = wrapper.cfbundle; includeInIndex = 0; path = ComposableArchitectureTests.xctest; sourceTree = BUILT_PRODUCTS_DIR; };
		FB0B5553275A0651001D192D /* ComposableArchitectureTests.swift */ = {isa = PBXFileReference; lastKnownFileType = sourcecode.swift; path = ComposableArchitectureTests.swift; sourceTree = "<group>"; };
		FB0B5559275A0651001D192D /* ComposableArchitectureUITests.xctest */ = {isa = PBXFileReference; explicitFileType = wrapper.cfbundle; includeInIndex = 0; path = ComposableArchitectureUITests.xctest; sourceTree = BUILT_PRODUCTS_DIR; };
		FB0B555D275A0651001D192D /* ComposableArchitectureUITests.swift */ = {isa = PBXFileReference; lastKnownFileType = sourcecode.swift; path = ComposableArchitectureUITests.swift; sourceTree = "<group>"; };
		FB0B555F275A0651001D192D /* ComposableArchitectureUITestsLaunchTests.swift */ = {isa = PBXFileReference; lastKnownFileType = sourcecode.swift; path = ComposableArchitectureUITestsLaunchTests.swift; sourceTree = "<group>"; };
		FB0B556D275A0B10001D192D /* CounterView.swift */ = {isa = PBXFileReference; lastKnownFileType = sourcecode.swift; path = CounterView.swift; sourceTree = "<group>"; };
		FB0B5570275A0E57001D192D /* Formatter.swift */ = {isa = PBXFileReference; lastKnownFileType = sourcecode.swift; path = Formatter.swift; sourceTree = "<group>"; };
		FB0B5573275A103E001D192D /* AppState.swift */ = {isa = PBXFileReference; lastKnownFileType = sourcecode.swift; path = AppState.swift; sourceTree = "<group>"; };
		FB989369275B4FE200AE209B /* WolframAlphaResult.swift */ = {isa = PBXFileReference; lastKnownFileType = sourcecode.swift; path = WolframAlphaResult.swift; sourceTree = "<group>"; };
		FB98936B275B505100AE209B /* IsPrimeModalView.swift */ = {isa = PBXFileReference; lastKnownFileType = sourcecode.swift; path = IsPrimeModalView.swift; sourceTree = "<group>"; };
		FB98936D275B50D000AE209B /* FavoritePrimesView.swift */ = {isa = PBXFileReference; lastKnownFileType = sourcecode.swift; path = FavoritePrimesView.swift; sourceTree = "<group>"; };
		FB98936F275B571600AE209B /* User.swift */ = {isa = PBXFileReference; lastKnownFileType = sourcecode.swift; path = User.swift; sourceTree = "<group>"; };
		FB989372275B5D3300AE209B /* AppAction.swift */ = {isa = PBXFileReference; lastKnownFileType = sourcecode.swift; path = AppAction.swift; sourceTree = "<group>"; };
/* End PBXFileReference section */

/* Begin PBXFrameworksBuildPhase section */
		FB0B553C275A0650001D192D /* Frameworks */ = {
			isa = PBXFrameworksBuildPhase;
			buildActionMask = 2147483647;
			files = (
			);
			runOnlyForDeploymentPostprocessing = 0;
		};
		FB0B554C275A0651001D192D /* Frameworks */ = {
			isa = PBXFrameworksBuildPhase;
			buildActionMask = 2147483647;
			files = (
			);
			runOnlyForDeploymentPostprocessing = 0;
		};
		FB0B5556275A0651001D192D /* Frameworks */ = {
			isa = PBXFrameworksBuildPhase;
			buildActionMask = 2147483647;
			files = (
			);
			runOnlyForDeploymentPostprocessing = 0;
		};
/* End PBXFrameworksBuildPhase section */

/* Begin PBXGroup section */
		FB0B5536275A0650001D192D = {
			isa = PBXGroup;
			children = (
				FB0B5541275A0650001D192D /* ComposableArchitecture */,
				FB0B5552275A0651001D192D /* ComposableArchitectureTests */,
				FB0B555C275A0651001D192D /* ComposableArchitectureUITests */,
				FB0B5540275A0650001D192D /* Products */,
			);
			sourceTree = "<group>";
		};
		FB0B5540275A0650001D192D /* Products */ = {
			isa = PBXGroup;
			children = (
				FB0B553F275A0650001D192D /* ComposableArchitecture.app */,
				FB0B554F275A0651001D192D /* ComposableArchitectureTests.xctest */,
				FB0B5559275A0651001D192D /* ComposableArchitectureUITests.xctest */,
			);
			name = Products;
			sourceTree = "<group>";
		};
		FB0B5541275A0650001D192D /* ComposableArchitecture */ = {
			isa = PBXGroup;
			children = (
				FB0B5542275A0650001D192D /* ComposableArchitectureApp.swift */,
				FB989371275B5D1700AE209B /* Actions */,
				FB989368275B4FC100AE209B /* Models */,
				FB0B5572275A1031001D192D /* AppState */,
				FB0B556F275A0E36001D192D /* Common */,
				FB0B556C275A0AF9001D192D /* Views */,
				FB0B5546275A0651001D192D /* Assets.xcassets */,
				FB0B5548275A0651001D192D /* Preview Content */,
			);
			path = ComposableArchitecture;
			sourceTree = "<group>";
		};
		FB0B5548275A0651001D192D /* Preview Content */ = {
			isa = PBXGroup;
			children = (
				FB0B5549275A0651001D192D /* Preview Assets.xcassets */,
			);
			path = "Preview Content";
			sourceTree = "<group>";
		};
		FB0B5552275A0651001D192D /* ComposableArchitectureTests */ = {
			isa = PBXGroup;
			children = (
				FB0B5553275A0651001D192D /* ComposableArchitectureTests.swift */,
			);
			path = ComposableArchitectureTests;
			sourceTree = "<group>";
		};
		FB0B555C275A0651001D192D /* ComposableArchitectureUITests */ = {
			isa = PBXGroup;
			children = (
				FB0B555D275A0651001D192D /* ComposableArchitectureUITests.swift */,
				FB0B555F275A0651001D192D /* ComposableArchitectureUITestsLaunchTests.swift */,
			);
			path = ComposableArchitectureUITests;
			sourceTree = "<group>";
		};
		FB0B556C275A0AF9001D192D /* Views */ = {
			isa = PBXGroup;
			children = (
				FB0B5544275A0650001D192D /* ContentView.swift */,
				FB0B556D275A0B10001D192D /* CounterView.swift */,
				FB98936B275B505100AE209B /* IsPrimeModalView.swift */,
				FB98936D275B50D000AE209B /* FavoritePrimesView.swift */,
			);
			path = Views;
			sourceTree = "<group>";
		};
		FB0B556F275A0E36001D192D /* Common */ = {
			isa = PBXGroup;
			children = (
				FB0B5570275A0E57001D192D /* Formatter.swift */,
			);
			path = Common;
			sourceTree = "<group>";
		};
		FB0B5572275A1031001D192D /* AppState */ = {
			isa = PBXGroup;
			children = (
				FB0B5573275A103E001D192D /* AppState.swift */,
			);
			path = AppState;
			sourceTree = "<group>";
		};
		FB989368275B4FC100AE209B /* Models */ = {
			isa = PBXGroup;
			children = (
				FB989369275B4FE200AE209B /* WolframAlphaResult.swift */,
				FB98936F275B571600AE209B /* User.swift */,
			);
			path = Models;
			sourceTree = "<group>";
		};
		FB989371275B5D1700AE209B /* Actions */ = {
			isa = PBXGroup;
			children = (
				FB989372275B5D3300AE209B /* AppAction.swift */,
			);
			path = Actions;
			sourceTree = "<group>";
		};
/* End PBXGroup section */

/* Begin PBXNativeTarget section */
		FB0B553E275A0650001D192D /* ComposableArchitecture */ = {
			isa = PBXNativeTarget;
			buildConfigurationList = FB0B5563275A0651001D192D /* Build configuration list for PBXNativeTarget "ComposableArchitecture" */;
			buildPhases = (
				FB0B553B275A0650001D192D /* Sources */,
				FB0B553C275A0650001D192D /* Frameworks */,
				FB0B553D275A0650001D192D /* Resources */,
			);
			buildRules = (
			);
			dependencies = (
			);
			name = ComposableArchitecture;
			productName = ComposableArchitecture;
			productReference = FB0B553F275A0650001D192D /* ComposableArchitecture.app */;
			productType = "com.apple.product-type.application";
		};
		FB0B554E275A0651001D192D /* ComposableArchitectureTests */ = {
			isa = PBXNativeTarget;
			buildConfigurationList = FB0B5566275A0651001D192D /* Build configuration list for PBXNativeTarget "ComposableArchitectureTests" */;
			buildPhases = (
				FB0B554B275A0651001D192D /* Sources */,
				FB0B554C275A0651001D192D /* Frameworks */,
				FB0B554D275A0651001D192D /* Resources */,
			);
			buildRules = (
			);
			dependencies = (
				FB0B5551275A0651001D192D /* PBXTargetDependency */,
			);
			name = ComposableArchitectureTests;
			productName = ComposableArchitectureTests;
			productReference = FB0B554F275A0651001D192D /* ComposableArchitectureTests.xctest */;
			productType = "com.apple.product-type.bundle.unit-test";
		};
		FB0B5558275A0651001D192D /* ComposableArchitectureUITests */ = {
			isa = PBXNativeTarget;
			buildConfigurationList = FB0B5569275A0651001D192D /* Build configuration list for PBXNativeTarget "ComposableArchitectureUITests" */;
			buildPhases = (
				FB0B5555275A0651001D192D /* Sources */,
				FB0B5556275A0651001D192D /* Frameworks */,
				FB0B5557275A0651001D192D /* Resources */,
			);
			buildRules = (
			);
			dependencies = (
				FB0B555B275A0651001D192D /* PBXTargetDependency */,
			);
			name = ComposableArchitectureUITests;
			productName = ComposableArchitectureUITests;
			productReference = FB0B5559275A0651001D192D /* ComposableArchitectureUITests.xctest */;
			productType = "com.apple.product-type.bundle.ui-testing";
		};
/* End PBXNativeTarget section */

/* Begin PBXProject section */
		FB0B5537275A0650001D192D /* Project object */ = {
			isa = PBXProject;
			attributes = {
				BuildIndependentTargetsInParallel = 1;
				LastSwiftUpdateCheck = 1310;
				LastUpgradeCheck = 1310;
				TargetAttributes = {
					FB0B553E275A0650001D192D = {
						CreatedOnToolsVersion = 13.1;
					};
					FB0B554E275A0651001D192D = {
						CreatedOnToolsVersion = 13.1;
						TestTargetID = FB0B553E275A0650001D192D;
					};
					FB0B5558275A0651001D192D = {
						CreatedOnToolsVersion = 13.1;
						TestTargetID = FB0B553E275A0650001D192D;
					};
				};
			};
			buildConfigurationList = FB0B553A275A0650001D192D /* Build configuration list for PBXProject "ComposableArchitecture" */;
			compatibilityVersion = "Xcode 13.0";
			developmentRegion = en;
			hasScannedForEncodings = 0;
			knownRegions = (
				en,
				Base,
			);
			mainGroup = FB0B5536275A0650001D192D;
			productRefGroup = FB0B5540275A0650001D192D /* Products */;
			projectDirPath = "";
			projectRoot = "";
			targets = (
				FB0B553E275A0650001D192D /* ComposableArchitecture */,
				FB0B554E275A0651001D192D /* ComposableArchitectureTests */,
				FB0B5558275A0651001D192D /* ComposableArchitectureUITests */,
			);
		};
/* End PBXProject section */

/* Begin PBXResourcesBuildPhase section */
		FB0B553D275A0650001D192D /* Resources */ = {
			isa = PBXResourcesBuildPhase;
			buildActionMask = 2147483647;
			files = (
				FB0B554A275A0651001D192D /* Preview Assets.xcassets in Resources */,
				FB0B5547275A0651001D192D /* Assets.xcassets in Resources */,
			);
			runOnlyForDeploymentPostprocessing = 0;
		};
		FB0B554D275A0651001D192D /* Resources */ = {
			isa = PBXResourcesBuildPhase;
			buildActionMask = 2147483647;
			files = (
			);
			runOnlyForDeploymentPostprocessing = 0;
		};
		FB0B5557275A0651001D192D /* Resources */ = {
			isa = PBXResourcesBuildPhase;
			buildActionMask = 2147483647;
			files = (
			);
			runOnlyForDeploymentPostprocessing = 0;
		};
/* End PBXResourcesBuildPhase section */

/* Begin PBXSourcesBuildPhase section */
		FB0B553B275A0650001D192D /* Sources */ = {
			isa = PBXSourcesBuildPhase;
			buildActionMask = 2147483647;
			files = (
				FB98936A275B4FE200AE209B /* WolframAlphaResult.swift in Sources */,
				FB0B5545275A0650001D192D /* ContentView.swift in Sources */,
				FB0B5574275A103E001D192D /* AppState.swift in Sources */,
				FB0B5543275A0650001D192D /* ComposableArchitectureApp.swift in Sources */,
				FB989373275B5D3300AE209B /* AppAction.swift in Sources */,
				FB0B5571275A0E57001D192D /* Formatter.swift in Sources */,
				FB989370275B571600AE209B /* User.swift in Sources */,
				FB98936C275B505100AE209B /* IsPrimeModalView.swift in Sources */,
				FB98936E275B50D000AE209B /* FavoritePrimesView.swift in Sources */,
				FB0B556E275A0B10001D192D /* CounterView.swift in Sources */,
			);
			runOnlyForDeploymentPostprocessing = 0;
		};
		FB0B554B275A0651001D192D /* Sources */ = {
			isa = PBXSourcesBuildPhase;
			buildActionMask = 2147483647;
			files = (
				FB0B5554275A0651001D192D /* ComposableArchitectureTests.swift in Sources */,
			);
			runOnlyForDeploymentPostprocessing = 0;
		};
		FB0B5555275A0651001D192D /* Sources */ = {
			isa = PBXSourcesBuildPhase;
			buildActionMask = 2147483647;
			files = (
				FB0B5560275A0651001D192D /* ComposableArchitectureUITestsLaunchTests.swift in Sources */,
				FB0B555E275A0651001D192D /* ComposableArchitectureUITests.swift in Sources */,
			);
			runOnlyForDeploymentPostprocessing = 0;
		};
/* End PBXSourcesBuildPhase section */

/* Begin PBXTargetDependency section */
		FB0B5551275A0651001D192D /* PBXTargetDependency */ = {
			isa = PBXTargetDependency;
			target = FB0B553E275A0650001D192D /* ComposableArchitecture */;
			targetProxy = FB0B5550275A0651001D192D /* PBXContainerItemProxy */;
		};
		FB0B555B275A0651001D192D /* PBXTargetDependency */ = {
			isa = PBXTargetDependency;
			target = FB0B553E275A0650001D192D /* ComposableArchitecture */;
			targetProxy = FB0B555A275A0651001D192D /* PBXContainerItemProxy */;
		};
/* End PBXTargetDependency section */

/* Begin XCBuildConfiguration section */
		FB0B5561275A0651001D192D /* Debug */ = {
			isa = XCBuildConfiguration;
			buildSettings = {
				ALWAYS_SEARCH_USER_PATHS = NO;
				CLANG_ANALYZER_NONNULL = YES;
				CLANG_ANALYZER_NUMBER_OBJECT_CONVERSION = YES_AGGRESSIVE;
				CLANG_CXX_LANGUAGE_STANDARD = "gnu++17";
				CLANG_CXX_LIBRARY = "libc++";
				CLANG_ENABLE_MODULES = YES;
				CLANG_ENABLE_OBJC_ARC = YES;
				CLANG_ENABLE_OBJC_WEAK = YES;
				CLANG_WARN_BLOCK_CAPTURE_AUTORELEASING = YES;
				CLANG_WARN_BOOL_CONVERSION = YES;
				CLANG_WARN_COMMA = YES;
				CLANG_WARN_CONSTANT_CONVERSION = YES;
				CLANG_WARN_DEPRECATED_OBJC_IMPLEMENTATIONS = YES;
				CLANG_WARN_DIRECT_OBJC_ISA_USAGE = YES_ERROR;
				CLANG_WARN_DOCUMENTATION_COMMENTS = YES;
				CLANG_WARN_EMPTY_BODY = YES;
				CLANG_WARN_ENUM_CONVERSION = YES;
				CLANG_WARN_INFINITE_RECURSION = YES;
				CLANG_WARN_INT_CONVERSION = YES;
				CLANG_WARN_NON_LITERAL_NULL_CONVERSION = YES;
				CLANG_WARN_OBJC_IMPLICIT_RETAIN_SELF = YES;
				CLANG_WARN_OBJC_LITERAL_CONVERSION = YES;
				CLANG_WARN_OBJC_ROOT_CLASS = YES_ERROR;
				CLANG_WARN_QUOTED_INCLUDE_IN_FRAMEWORK_HEADER = YES;
				CLANG_WARN_RANGE_LOOP_ANALYSIS = YES;
				CLANG_WARN_STRICT_PROTOTYPES = YES;
				CLANG_WARN_SUSPICIOUS_MOVE = YES;
				CLANG_WARN_UNGUARDED_AVAILABILITY = YES_AGGRESSIVE;
				CLANG_WARN_UNREACHABLE_CODE = YES;
				CLANG_WARN__DUPLICATE_METHOD_MATCH = YES;
				COPY_PHASE_STRIP = NO;
				DEBUG_INFORMATION_FORMAT = dwarf;
				ENABLE_STRICT_OBJC_MSGSEND = YES;
				ENABLE_TESTABILITY = YES;
				GCC_C_LANGUAGE_STANDARD = gnu11;
				GCC_DYNAMIC_NO_PIC = NO;
				GCC_NO_COMMON_BLOCKS = YES;
				GCC_OPTIMIZATION_LEVEL = 0;
				GCC_PREPROCESSOR_DEFINITIONS = (
					"DEBUG=1",
					"$(inherited)",
				);
				GCC_WARN_64_TO_32_BIT_CONVERSION = YES;
				GCC_WARN_ABOUT_RETURN_TYPE = YES_ERROR;
				GCC_WARN_UNDECLARED_SELECTOR = YES;
				GCC_WARN_UNINITIALIZED_AUTOS = YES_AGGRESSIVE;
				GCC_WARN_UNUSED_FUNCTION = YES;
				GCC_WARN_UNUSED_VARIABLE = YES;
				IPHONEOS_DEPLOYMENT_TARGET = 15.0;
				MTL_ENABLE_DEBUG_INFO = INCLUDE_SOURCE;
				MTL_FAST_MATH = YES;
				ONLY_ACTIVE_ARCH = YES;
				SDKROOT = iphoneos;
				SWIFT_ACTIVE_COMPILATION_CONDITIONS = DEBUG;
				SWIFT_OPTIMIZATION_LEVEL = "-Onone";
			};
			name = Debug;
		};
		FB0B5562275A0651001D192D /* Release */ = {
			isa = XCBuildConfiguration;
			buildSettings = {
				ALWAYS_SEARCH_USER_PATHS = NO;
				CLANG_ANALYZER_NONNULL = YES;
				CLANG_ANALYZER_NUMBER_OBJECT_CONVERSION = YES_AGGRESSIVE;
				CLANG_CXX_LANGUAGE_STANDARD = "gnu++17";
				CLANG_CXX_LIBRARY = "libc++";
				CLANG_ENABLE_MODULES = YES;
				CLANG_ENABLE_OBJC_ARC = YES;
				CLANG_ENABLE_OBJC_WEAK = YES;
				CLANG_WARN_BLOCK_CAPTURE_AUTORELEASING = YES;
				CLANG_WARN_BOOL_CONVERSION = YES;
				CLANG_WARN_COMMA = YES;
				CLANG_WARN_CONSTANT_CONVERSION = YES;
				CLANG_WARN_DEPRECATED_OBJC_IMPLEMENTATIONS = YES;
				CLANG_WARN_DIRECT_OBJC_ISA_USAGE = YES_ERROR;
				CLANG_WARN_DOCUMENTATION_COMMENTS = YES;
				CLANG_WARN_EMPTY_BODY = YES;
				CLANG_WARN_ENUM_CONVERSION = YES;
				CLANG_WARN_INFINITE_RECURSION = YES;
				CLANG_WARN_INT_CONVERSION = YES;
				CLANG_WARN_NON_LITERAL_NULL_CONVERSION = YES;
				CLANG_WARN_OBJC_IMPLICIT_RETAIN_SELF = YES;
				CLANG_WARN_OBJC_LITERAL_CONVERSION = YES;
				CLANG_WARN_OBJC_ROOT_CLASS = YES_ERROR;
				CLANG_WARN_QUOTED_INCLUDE_IN_FRAMEWORK_HEADER = YES;
				CLANG_WARN_RANGE_LOOP_ANALYSIS = YES;
				CLANG_WARN_STRICT_PROTOTYPES = YES;
				CLANG_WARN_SUSPICIOUS_MOVE = YES;
				CLANG_WARN_UNGUARDED_AVAILABILITY = YES_AGGRESSIVE;
				CLANG_WARN_UNREACHABLE_CODE = YES;
				CLANG_WARN__DUPLICATE_METHOD_MATCH = YES;
				COPY_PHASE_STRIP = NO;
				DEBUG_INFORMATION_FORMAT = "dwarf-with-dsym";
				ENABLE_NS_ASSERTIONS = NO;
				ENABLE_STRICT_OBJC_MSGSEND = YES;
				GCC_C_LANGUAGE_STANDARD = gnu11;
				GCC_NO_COMMON_BLOCKS = YES;
				GCC_WARN_64_TO_32_BIT_CONVERSION = YES;
				GCC_WARN_ABOUT_RETURN_TYPE = YES_ERROR;
				GCC_WARN_UNDECLARED_SELECTOR = YES;
				GCC_WARN_UNINITIALIZED_AUTOS = YES_AGGRESSIVE;
				GCC_WARN_UNUSED_FUNCTION = YES;
				GCC_WARN_UNUSED_VARIABLE = YES;
				IPHONEOS_DEPLOYMENT_TARGET = 15.0;
				MTL_ENABLE_DEBUG_INFO = NO;
				MTL_FAST_MATH = YES;
				SDKROOT = iphoneos;
				SWIFT_COMPILATION_MODE = wholemodule;
				SWIFT_OPTIMIZATION_LEVEL = "-O";
				VALIDATE_PRODUCT = YES;
			};
			name = Release;
		};
		FB0B5564275A0651001D192D /* Debug */ = {
			isa = XCBuildConfiguration;
			buildSettings = {
				ASSETCATALOG_COMPILER_APPICON_NAME = AppIcon;
				ASSETCATALOG_COMPILER_GLOBAL_ACCENT_COLOR_NAME = AccentColor;
				CODE_SIGN_STYLE = Automatic;
				CURRENT_PROJECT_VERSION = 1;
				DEVELOPMENT_ASSET_PATHS = "\"ComposableArchitecture/Preview Content\"";
				ENABLE_PREVIEWS = YES;
				GENERATE_INFOPLIST_FILE = YES;
				INFOPLIST_KEY_UIApplicationSceneManifest_Generation = YES;
				INFOPLIST_KEY_UIApplicationSupportsIndirectInputEvents = YES;
				INFOPLIST_KEY_UILaunchScreen_Generation = YES;
				INFOPLIST_KEY_UISupportedInterfaceOrientations_iPad = "UIInterfaceOrientationPortrait UIInterfaceOrientationPortraitUpsideDown UIInterfaceOrientationLandscapeLeft UIInterfaceOrientationLandscapeRight";
				INFOPLIST_KEY_UISupportedInterfaceOrientations_iPhone = "UIInterfaceOrientationPortrait UIInterfaceOrientationLandscapeLeft UIInterfaceOrientationLandscapeRight";
				LD_RUNPATH_SEARCH_PATHS = (
					"$(inherited)",
					"@executable_path/Frameworks",
				);
				MARKETING_VERSION = 1.0;
				PRODUCT_BUNDLE_IDENTIFIER = com.kizlov.ComposableArchitecture;
				PRODUCT_NAME = "$(TARGET_NAME)";
				SWIFT_EMIT_LOC_STRINGS = YES;
				SWIFT_VERSION = 5.0;
				TARGETED_DEVICE_FAMILY = "1,2";
			};
			name = Debug;
		};
		FB0B5565275A0651001D192D /* Release */ = {
			isa = XCBuildConfiguration;
			buildSettings = {
				ASSETCATALOG_COMPILER_APPICON_NAME = AppIcon;
				ASSETCATALOG_COMPILER_GLOBAL_ACCENT_COLOR_NAME = AccentColor;
				CODE_SIGN_STYLE = Automatic;
				CURRENT_PROJECT_VERSION = 1;
				DEVELOPMENT_ASSET_PATHS = "\"ComposableArchitecture/Preview Content\"";
				ENABLE_PREVIEWS = YES;
				GENERATE_INFOPLIST_FILE = YES;
				INFOPLIST_KEY_UIApplicationSceneManifest_Generation = YES;
				INFOPLIST_KEY_UIApplicationSupportsIndirectInputEvents = YES;
				INFOPLIST_KEY_UILaunchScreen_Generation = YES;
				INFOPLIST_KEY_UISupportedInterfaceOrientations_iPad = "UIInterfaceOrientationPortrait UIInterfaceOrientationPortraitUpsideDown UIInterfaceOrientationLandscapeLeft UIInterfaceOrientationLandscapeRight";
				INFOPLIST_KEY_UISupportedInterfaceOrientations_iPhone = "UIInterfaceOrientationPortrait UIInterfaceOrientationLandscapeLeft UIInterfaceOrientationLandscapeRight";
				LD_RUNPATH_SEARCH_PATHS = (
					"$(inherited)",
					"@executable_path/Frameworks",
				);
				MARKETING_VERSION = 1.0;
				PRODUCT_BUNDLE_IDENTIFIER = com.kizlov.ComposableArchitecture;
				PRODUCT_NAME = "$(TARGET_NAME)";
				SWIFT_EMIT_LOC_STRINGS = YES;
				SWIFT_VERSION = 5.0;
				TARGETED_DEVICE_FAMILY = "1,2";
			};
			name = Release;
		};
		FB0B5567275A0651001D192D /* Debug */ = {
			isa = XCBuildConfiguration;
			buildSettings = {
				ALWAYS_EMBED_SWIFT_STANDARD_LIBRARIES = YES;
				BUNDLE_LOADER = "$(TEST_HOST)";
				CODE_SIGN_STYLE = Automatic;
				CURRENT_PROJECT_VERSION = 1;
				GENERATE_INFOPLIST_FILE = YES;
				IPHONEOS_DEPLOYMENT_TARGET = 15.0;
				LD_RUNPATH_SEARCH_PATHS = (
					"$(inherited)",
					"@executable_path/Frameworks",
					"@loader_path/Frameworks",
				);
				MARKETING_VERSION = 1.0;
				PRODUCT_BUNDLE_IDENTIFIER = com.kizlov.ComposableArchitectureTests;
				PRODUCT_NAME = "$(TARGET_NAME)";
				SWIFT_EMIT_LOC_STRINGS = NO;
				SWIFT_VERSION = 5.0;
				TARGETED_DEVICE_FAMILY = "1,2";
				TEST_HOST = "$(BUILT_PRODUCTS_DIR)/ComposableArchitecture.app/ComposableArchitecture";
			};
			name = Debug;
		};
		FB0B5568275A0651001D192D /* Release */ = {
			isa = XCBuildConfiguration;
			buildSettings = {
				ALWAYS_EMBED_SWIFT_STANDARD_LIBRARIES = YES;
				BUNDLE_LOADER = "$(TEST_HOST)";
				CODE_SIGN_STYLE = Automatic;
				CURRENT_PROJECT_VERSION = 1;
				GENERATE_INFOPLIST_FILE = YES;
				IPHONEOS_DEPLOYMENT_TARGET = 15.0;
				LD_RUNPATH_SEARCH_PATHS = (
					"$(inherited)",
					"@executable_path/Frameworks",
					"@loader_path/Frameworks",
				);
				MARKETING_VERSION = 1.0;
				PRODUCT_BUNDLE_IDENTIFIER = com.kizlov.ComposableArchitectureTests;
				PRODUCT_NAME = "$(TARGET_NAME)";
				SWIFT_EMIT_LOC_STRINGS = NO;
				SWIFT_VERSION = 5.0;
				TARGETED_DEVICE_FAMILY = "1,2";
				TEST_HOST = "$(BUILT_PRODUCTS_DIR)/ComposableArchitecture.app/ComposableArchitecture";
			};
			name = Release;
		};
		FB0B556A275A0651001D192D /* Debug */ = {
			isa = XCBuildConfiguration;
			buildSettings = {
				ALWAYS_EMBED_SWIFT_STANDARD_LIBRARIES = YES;
				CODE_SIGN_STYLE = Automatic;
				CURRENT_PROJECT_VERSION = 1;
				GENERATE_INFOPLIST_FILE = YES;
				LD_RUNPATH_SEARCH_PATHS = (
					"$(inherited)",
					"@executable_path/Frameworks",
					"@loader_path/Frameworks",
				);
				MARKETING_VERSION = 1.0;
				PRODUCT_BUNDLE_IDENTIFIER = com.kizlov.ComposableArchitectureUITests;
				PRODUCT_NAME = "$(TARGET_NAME)";
				SWIFT_EMIT_LOC_STRINGS = NO;
				SWIFT_VERSION = 5.0;
				TARGETED_DEVICE_FAMILY = "1,2";
				TEST_TARGET_NAME = ComposableArchitecture;
			};
			name = Debug;
		};
		FB0B556B275A0651001D192D /* Release */ = {
			isa = XCBuildConfiguration;
			buildSettings = {
				ALWAYS_EMBED_SWIFT_STANDARD_LIBRARIES = YES;
				CODE_SIGN_STYLE = Automatic;
				CURRENT_PROJECT_VERSION = 1;
				GENERATE_INFOPLIST_FILE = YES;
				LD_RUNPATH_SEARCH_PATHS = (
					"$(inherited)",
					"@executable_path/Frameworks",
					"@loader_path/Frameworks",
				);
				MARKETING_VERSION = 1.0;
				PRODUCT_BUNDLE_IDENTIFIER = com.kizlov.ComposableArchitectureUITests;
				PRODUCT_NAME = "$(TARGET_NAME)";
				SWIFT_EMIT_LOC_STRINGS = NO;
				SWIFT_VERSION = 5.0;
				TARGETED_DEVICE_FAMILY = "1,2";
				TEST_TARGET_NAME = ComposableArchitecture;
			};
			name = Release;
		};
/* End XCBuildConfiguration section */

/* Begin XCConfigurationList section */
		FB0B553A275A0650001D192D /* Build configuration list for PBXProject "ComposableArchitecture" */ = {
			isa = XCConfigurationList;
			buildConfigurations = (
				FB0B5561275A0651001D192D /* Debug */,
				FB0B5562275A0651001D192D /* Release */,
			);
			defaultConfigurationIsVisible = 0;
			defaultConfigurationName = Release;
		};
		FB0B5563275A0651001D192D /* Build configuration list for PBXNativeTarget "ComposableArchitecture" */ = {
			isa = XCConfigurationList;
			buildConfigurations = (
				FB0B5564275A0651001D192D /* Debug */,
				FB0B5565275A0651001D192D /* Release */,
			);
			defaultConfigurationIsVisible = 0;
			defaultConfigurationName = Release;
		};
		FB0B5566275A0651001D192D /* Build configuration list for PBXNativeTarget "ComposableArchitectureTests" */ = {
			isa = XCConfigurationList;
			buildConfigurations = (
				FB0B5567275A0651001D192D /* Debug */,
				FB0B5568275A0651001D192D /* Release */,
			);
			defaultConfigurationIsVisible = 0;
			defaultConfigurationName = Release;
		};
		FB0B5569275A0651001D192D /* Build configuration list for PBXNativeTarget "ComposableArchitectureUITests" */ = {
			isa = XCConfigurationList;
			buildConfigurations = (
				FB0B556A275A0651001D192D /* Debug */,
				FB0B556B275A0651001D192D /* Release */,
			);
			defaultConfigurationIsVisible = 0;
			defaultConfigurationName = Release;
		};
/* End XCConfigurationList section */
	};
	rootObject = FB0B5537275A0650001D192D /* Project object */;
}
